
Microsoft Visual Studio Solution File, Format Version 12.00
# Visual Studio Version 17
VisualStudioVersion = 17.11.35222.181
MinimumVisualStudioVersion = 10.0.40219.1
Project("{8BC9CEB8-8B4A-11D0-8D11-00A0C91BC942}") = "2", "2\2.vcxproj", "{CB730050-B4C2-4F03-9A21-ACD25B52549E}"
EndProject
Project("{8BC9CEB8-8B4A-11D0-8D11-00A0C91BC942}") = "3", "3\3.vcxproj", "{7979DA5D-DB3C-4D04-AC53-1AADB16D47AA}"
EndProject
Project("{8BC9CEB8-8B4A-11D0-8D11-00A0C91BC942}") = "4", "4\4.vcxproj", "{2EDE4CF3-B7CC-48B2-99EA-68DF4AACC88D}"
EndProject
Project("{8BC9CEB8-8B4A-11D0-8D11-00A0C91BC942}") = "5", "05\05.vcxproj", "{455C0B9F-F248-41D5-9C1F-997A89457CF3}"
EndProject
Project("{8BC9CEB8-8B4A-11D0-8D11-00A0C91BC942}") = "6", "6\6.vcxproj", "{F4416EC4-AD8B-4DD0-B3D2-D517DE3C0323}"
EndProject
Project("{8BC9CEB8-8B4A-11D0-8D11-00A0C91BC942}") = "7", "7\7.vcxproj", "{E8FF90A0-AFAC-40AA-9352-A1AC85F3E90B}"
EndProject
Project("{8BC9CEB8-8B4A-11D0-8D11-00A0C91BC942}") = "8", "8\8.vcxproj", "{40663905-04EB-43DD-B40F-525F61819E8C}"
EndProject
Project("{8BC9CEB8-8B4A-11D0-8D11-00A0C91BC942}") = "9", "9\9.vcxproj", "{A5D328BD-6011-42BA-8A69-ED573B7A93B3}"
EndProject
Project("{8BC9CEB8-8B4A-11D0-8D11-00A0C91BC942}") = "01", "01\01.vcxproj", "{344F1574-6E1D-4321-B1FD-99F4D2AB5EAD}"
EndProject
Global
	GlobalSection(SolutionConfigurationPlatforms) = preSolution
		Debug|x64 = Debug|x64
		Debug|x86 = Debug|x86
		Release|x64 = Release|x64
		Release|x86 = Release|x86
	EndGlobalSection
	GlobalSection(ProjectConfigurationPlatforms) = postSolution
		{CB730050-B4C2-4F03-9A21-ACD25B52549E}.Debug|x64.ActiveCfg = Debug|x64
		{CB730050-B4C2-4F03-9A21-ACD25B52549E}.Debug|x64.Build.0 = Debug|x64
		{CB730050-B4C2-4F03-9A21-ACD25B52549E}.Debug|x86.ActiveCfg = Debug|Win32
		{CB730050-B4C2-4F03-9A21-ACD25B52549E}.Debug|x86.Build.0 = Debug|Win32
		{CB730050-B4C2-4F03-9A21-ACD25B52549E}.Release|x64.ActiveCfg = Release|x64
		{CB730050-B4C2-4F03-9A21-ACD25B52549E}.Release|x64.Build.0 = Release|x64
		{CB730050-B4C2-4F03-9A21-ACD25B52549E}.Release|x86.ActiveCfg = Release|Win32
		{CB730050-B4C2-4F03-9A21-ACD25B52549E}.Release|x86.Build.0 = Release|Win32
		{7979DA5D-DB3C-4D04-AC53-1AADB16D47AA}.Debug|x64.ActiveCfg = Debug|x64
		{7979DA5D-DB3C-4D04-AC53-1AADB16D47AA}.Debug|x64.Build.0 = Debug|x64
		{7979DA5D-DB3C-4D04-AC53-1AADB16D47AA}.Debug|x86.ActiveCfg = Debug|Win32
		{7979DA5D-DB3C-4D04-AC53-1AADB16D47AA}.Debug|x86.Build.0 = Debug|Win32
		{7979DA5D-DB3C-4D04-AC53-1AADB16D47AA}.Release|x64.ActiveCfg = Release|x64
		{7979DA5D-DB3C-4D04-AC53-1AADB16D47AA}.Release|x64.Build.0 = Release|x64
		{7979DA5D-DB3C-4D04-AC53-1AADB16D47AA}.Release|x86.ActiveCfg = Release|Win32
		{7979DA5D-DB3C-4D04-AC53-1AADB16D47AA}.Release|x86.Build.0 = Release|Win32
		{2EDE4CF3-B7CC-48B2-99EA-68DF4AACC88D}.Debug|x64.ActiveCfg = Debug|x64
		{2EDE4CF3-B7CC-48B2-99EA-68DF4AACC88D}.Debug|x64.Build.0 = Debug|x64
		{2EDE4CF3-B7CC-48B2-99EA-68DF4AACC88D}.Debug|x86.ActiveCfg = Debug|Win32
		{2EDE4CF3-B7CC-48B2-99EA-68DF4AACC88D}.Debug|x86.Build.0 = Debug|Win32
		{2EDE4CF3-B7CC-48B2-99EA-68DF4AACC88D}.Release|x64.ActiveCfg = Release|x64
		{2EDE4CF3-B7CC-48B2-99EA-68DF4AACC88D}.Release|x64.Build.0 = Release|x64
		{2EDE4CF3-B7CC-48B2-99EA-68DF4AACC88D}.Release|x86.ActiveCfg = Release|Win32
		{2EDE4CF3-B7CC-48B2-99EA-68DF4AACC88D}.Release|x86.Build.0 = Release|Win32
		{455C0B9F-F248-41D5-9C1F-997A89457CF3}.Debug|x64.ActiveCfg = Debug|x64
		{455C0B9F-F248-41D5-9C1F-997A89457CF3}.Debug|x64.Build.0 = Debug|x64
		{455C0B9F-F248-41D5-9C1F-997A89457CF3}.Debug|x86.ActiveCfg = Debug|Win32
		{455C0B9F-F248-41D5-9C1F-997A89457CF3}.Debug|x86.Build.0 = Debug|Win32
		{455C0B9F-F248-41D5-9C1F-997A89457CF3}.Release|x64.ActiveCfg = Release|x64
		{455C0B9F-F248-41D5-9C1F-997A89457CF3}.Release|x64.Build.0 = Release|x64
		{455C0B9F-F248-41D5-9C1F-997A89457CF3}.Release|x86.ActiveCfg = Release|Win32
		{455C0B9F-F248-41D5-9C1F-997A89457CF3}.Release|x86.Build.0 = Release|Win32
		{F4416EC4-AD8B-4DD0-B3D2-D517DE3C0323}.Debug|x64.ActiveCfg = Debug|x64
		{F4416EC4-AD8B-4DD0-B3D2-D517DE3C0323}.Debug|x64.Build.0 = Debug|x64
		{F4416EC4-AD8B-4DD0-B3D2-D517DE3C0323}.Debug|x86.ActiveCfg = Debug|Win32
		{F4416EC4-AD8B-4DD0-B3D2-D517DE3C0323}.Debug|x86.Build.0 = Debug|Win32
		{F4416EC4-AD8B-4DD0-B3D2-D517DE3C0323}.Release|x64.ActiveCfg = Release|x64
		{F4416EC4-AD8B-4DD0-B3D2-D517DE3C0323}.Release|x64.Build.0 = Release|x64
		{F4416EC4-AD8B-4DD0-B3D2-D517DE3C0323}.Release|x86.ActiveCfg = Release|Win32
		{F4416EC4-AD8B-4DD0-B3D2-D517DE3C0323}.Release|x86.Build.0 = Release|Win32
		{E8FF90A0-AFAC-40AA-9352-A1AC85F3E90B}.Debug|x64.ActiveCfg = Debug|x64
		{E8FF90A0-AFAC-40AA-9352-A1AC85F3E90B}.Debug|x64.Build.0 = Debug|x64
		{E8FF90A0-AFAC-40AA-9352-A1AC85F3E90B}.Debug|x86.ActiveCfg = Debug|Win32
		{E8FF90A0-AFAC-40AA-9352-A1AC85F3E90B}.Debug|x86.Build.0 = Debug|Win32
		{E8FF90A0-AFAC-40AA-9352-A1AC85F3E90B}.Release|x64.ActiveCfg = Release|x64
		{E8FF90A0-AFAC-40AA-9352-A1AC85F3E90B}.Release|x64.Build.0 = Release|x64
		{E8FF90A0-AFAC-40AA-9352-A1AC85F3E90B}.Release|x86.ActiveCfg = Release|Win32
		{E8FF90A0-AFAC-40AA-9352-A1AC85F3E90B}.Release|x86.Build.0 = Release|Win32
		{40663905-04EB-43DD-B40F-525F61819E8C}.Debug|x64.ActiveCfg = Debug|x64
		{40663905-04EB-43DD-B40F-525F61819E8C}.Debug|x64.Build.0 = Debug|x64
		{40663905-04EB-43DD-B40F-525F61819E8C}.Debug|x86.ActiveCfg = Debug|Win32
		{40663905-04EB-43DD-B40F-525F61819E8C}.Debug|x86.Build.0 = Debug|Win32
		{40663905-04EB-43DD-B40F-525F61819E8C}.Release|x64.ActiveCfg = Release|x64
		{40663905-04EB-43DD-B40F-525F61819E8C}.Release|x64.Build.0 = Release|x64
		{40663905-04EB-43DD-B40F-525F61819E8C}.Release|x86.ActiveCfg = Release|Win32
		{40663905-04EB-43DD-B40F-525F61819E8C}.Release|x86.Build.0 = Release|Win32
		{A5D328BD-6011-42BA-8A69-ED573B7A93B3}.Debug|x64.ActiveCfg = Debug|x64
		{A5D328BD-6011-42BA-8A69-ED573B7A93B3}.Debug|x64.Build.0 = Debug|x64
		{A5D328BD-6011-42BA-8A69-ED573B7A93B3}.Debug|x86.ActiveCfg = Debug|Win32
		{A5D328BD-6011-42BA-8A69-ED573B7A93B3}.Debug|x86.Build.0 = Debug|Win32
		{A5D328BD-6011-42BA-8A69-ED573B7A93B3}.Release|x64.ActiveCfg = Release|x64
		{A5D328BD-6011-42BA-8A69-ED573B7A93B3}.Release|x64.Build.0 = Release|x64
		{A5D328BD-6011-42BA-8A69-ED573B7A93B3}.Release|x86.ActiveCfg = Release|Win32
		{A5D328BD-6011-42BA-8A69-ED573B7A93B3}.Release|x86.Build.0 = Release|Win32
		{344F1574-6E1D-4321-B1FD-99F4D2AB5EAD}.Debug|x64.ActiveCfg = Debug|x64
		{344F1574-6E1D-4321-B1FD-99F4D2AB5EAD}.Debug|x64.Build.0 = Debug|x64
		{344F1574-6E1D-4321-B1FD-99F4D2AB5EAD}.Debug|x86.ActiveCfg = Debug|Win32
		{344F1574-6E1D-4321-B1FD-99F4D2AB5EAD}.Debug|x86.Build.0 = Debug|Win32
		{344F1574-6E1D-4321-B1FD-99F4D2AB5EAD}.Release|x64.ActiveCfg = Release|x64
		{344F1574-6E1D-4321-B1FD-99F4D2AB5EAD}.Release|x64.Build.0 = Release|x64
		{344F1574-6E1D-4321-B1FD-99F4D2AB5EAD}.Release|x86.ActiveCfg = Release|Win32
		{344F1574-6E1D-4321-B1FD-99F4D2AB5EAD}.Release|x86.Build.0 = Release|Win32
	EndGlobalSection
	GlobalSection(SolutionProperties) = preSolution
		HideSolutionNode = FALSE
	EndGlobalSection
	GlobalSection(ExtensibilityGlobals) = postSolution
		SolutionGuid = {74C727FA-8078-4832-A5EF-86F56DFABDCF}
	EndGlobalSection
EndGlobal
